
Microsoft Visual Studio Solution File, Format Version 12.00
# Visual Studio 15
VisualStudioVersion = 15.0.28010.2046
MinimumVisualStudioVersion = 10.0.40219.1
Project("{2150E333-8FDC-42A3-9474-1A3956D46DE8}") = "Solution Items", "Solution Items", "{7146D3DE-7C84-4250-B8A6-B5C48F1E2F74}"
EndProject
Project("{FAE04EC0-301F-11D3-BF4B-00C04F79EFBC}") = "Chat_Project", "Chat_Project\Chat_Project.csproj", "{BCDF85E1-0621-451F-AFB0-1102035658E5}"
EndProject
Global
	GlobalSection(SolutionConfigurationPlatforms) = preSolution
		Debug|Any CPU = Debug|Any CPU
		Release|Any CPU = Release|Any CPU
	EndGlobalSection
	GlobalSection(ProjectConfigurationPlatforms) = postSolution
		{BCDF85E1-0621-451F-AFB0-1102035658E5}.Debug|Any CPU.ActiveCfg = Debug|Any CPU
		{BCDF85E1-0621-451F-AFB0-1102035658E5}.Debug|Any CPU.Build.0 = Debug|Any CPU
		{BCDF85E1-0621-451F-AFB0-1102035658E5}.Release|Any CPU.ActiveCfg = Release|Any CPU
		{BCDF85E1-0621-451F-AFB0-1102035658E5}.Release|Any CPU.Build.0 = Release|Any CPU
	EndGlobalSection
	GlobalSection(SolutionProperties) = preSolution
		HideSolutionNode = FALSE
	EndGlobalSection
	GlobalSection(NestedProjects) = preSolution
		{BCDF85E1-0621-451F-AFB0-1102035658E5} = {7146D3DE-7C84-4250-B8A6-B5C48F1E2F74}
	EndGlobalSection
	GlobalSection(ExtensibilityGlobals) = postSolution
		SolutionGuid = {5022B896-BA8E-4AD0-AFF4-75B2FD72C2B3}
	EndGlobalSection
EndGlobal
